// !$*UTF8*$!
{
	archiveVersion = 1;
	classes = {
	};
	objectVersion = 56;
	objects = {

/* Begin PBXBuildFile section */
		AA11000000000001 /* PickleballScreensaverView.swift in Sources */ = {isa = PBXBuildFile; fileRef = AA22000000000001 /* PickleballScreensaverView.swift */; };
		AA11000000000002 /* ConfigureSheet.swift in Sources */ = {isa = PBXBuildFile; fileRef = AA22000000000004 /* ConfigureSheet.swift */; };
		AA11000000000003 /* PhotoOverlay.swift in Sources */ = {isa = PBXBuildFile; fileRef = AA22000000000005 /* PhotoOverlay.swift */; };
		AA11000000000004 /* paddle.png in Resources */ = {isa = PBXBuildFile; fileRef = AA22000000000006 /* paddle.png */; };
		AA1100000000000A /* background.png in Resources */ = {isa = PBXBuildFile; fileRef = AA2200000000000C /* background.png */; };
		AA11000000000005 /* thumbnail.png in Resources */ = {isa = PBXBuildFile; fileRef = AA22000000000007 /* thumbnail.png */; };
		AA11000000000006 /* thumbnail@2x.png in Resources */ = {isa = PBXBuildFile; fileRef = AA22000000000008 /* thumbnail@2x.png */; };
		AA11000000000007 /* PhotoSyncShared.swift in Sources */ = {isa = PBXBuildFile; fileRef = AA22000000000009 /* PhotoSyncShared.swift */; };
		AA11000000000008 /* WeatherProvider.swift in Sources */ = {isa = PBXBuildFile; fileRef = AA2200000000000A /* WeatherProvider.swift */; };
		AA11000000000009 /* PickleballFacts.swift in Sources */ = {isa = PBXBuildFile; fileRef = AA2200000000000B /* PickleballFacts.swift */; };
/* End PBXBuildFile section */

/* Begin PBXFileReference section */
		AA22000000000001 /* PickleballScreensaverView.swift */ = {isa = PBXFileReference; lastKnownFileType = sourcecode.swift; path = PickleballScreensaverView.swift; sourceTree = "<group>"; };
		AA22000000000002 /* Info.plist */ = {isa = PBXFileReference; lastKnownFileType = text.plist.xml; path = Info.plist; sourceTree = "<group>"; };
		AA22000000000003 /* PickleballScreensaver.saver */ = {isa = PBXFileReference; explicitFileType = wrapper.cfbundle; includeInIndex = 0; path = PickleballScreensaver.saver; sourceTree = BUILT_PRODUCTS_DIR; };
		AA22000000000004 /* ConfigureSheet.swift */ = {isa = PBXFileReference; lastKnownFileType = sourcecode.swift; path = ConfigureSheet.swift; sourceTree = "<group>"; };
		AA22000000000005 /* PhotoOverlay.swift */ = {isa = PBXFileReference; lastKnownFileType = sourcecode.swift; path = PhotoOverlay.swift; sourceTree = "<group>"; };
		AA22000000000006 /* paddle.png */ = {isa = PBXFileReference; lastKnownFileType = image.png; path = Resources/paddle.png; sourceTree = "<group>"; };
		AA2200000000000C /* background.png */ = {isa = PBXFileReference; lastKnownFileType = image.png; path = Resources/background.png; sourceTree = "<group>"; };
		AA22000000000007 /* thumbnail.png */ = {isa = PBXFileReference; lastKnownFileType = image.png; path = Resources/thumbnail.png; sourceTree = "<group>"; };
		AA22000000000008 /* thumbnail@2x.png */ = {isa = PBXFileReference; lastKnownFileType = image.png; path = "Resources/thumbnail@2x.png"; sourceTree = "<group>"; };
		AA22000000000009 /* PhotoSyncShared.swift */ = {isa = PBXFileReference; lastKnownFileType = sourcecode.swift; path = PhotoSyncShared.swift; sourceTree = "<group>"; };
		AA2200000000000A /* WeatherProvider.swift */ = {isa = PBXFileReference; lastKnownFileType = sourcecode.swift; path = WeatherProvider.swift; sourceTree = "<group>"; };
		AA2200000000000B /* PickleballFacts.swift */ = {isa = PBXFileReference; lastKnownFileType = sourcecode.swift; path = PickleballFacts.swift; sourceTree = "<group>"; };
/* End PBXFileReference section */

/* Begin PBXFrameworksBuildPhase section */
		AA33000000000001 /* Frameworks */ = {
			isa = PBXFrameworksBuildPhase;
			buildActionMask = 2147483647;
			files = (
			);
			runOnlyForDeploymentPostprocessing = 0;
		};
/* End PBXFrameworksBuildPhase section */

/* Begin PBXGroup section */
		AA44000000000001 /* Products */ = {
			isa = PBXGroup;
			children = (
				AA22000000000003 /* PickleballScreensaver.saver */,
			);
			name = Products;
			sourceTree = "<group>";
		};
		AA44000000000002 /* PickleballScreensaver */ = {
			isa = PBXGroup;
			children = (
				AA22000000000001 /* PickleballScreensaverView.swift */,
				AA22000000000004 /* ConfigureSheet.swift */,
				AA22000000000005 /* PhotoOverlay.swift */,
				AA22000000000009 /* PhotoSyncShared.swift */,
				AA2200000000000A /* WeatherProvider.swift */,
				AA2200000000000B /* PickleballFacts.swift */,
				AA22000000000002 /* Info.plist */,
				AA22000000000006 /* paddle.png */,
				AA2200000000000C /* background.png */,
				AA22000000000007 /* thumbnail.png */,
				AA22000000000008 /* thumbnail@2x.png */,
			);
			path = PickleballScreensaver;
			sourceTree = "<group>";
		};
		AA44000000000003 = {
			isa = PBXGroup;
			children = (
				AA44000000000002 /* PickleballScreensaver */,
				AA44000000000001 /* Products */,
			);
			sourceTree = "<group>";
		};
/* End PBXGroup section */

/* Begin PBXNativeTarget section */
		AA55000000000001 /* PickleballScreensaver */ = {
			isa = PBXNativeTarget;
			buildConfigurationList = AA66000000000002 /* Build configuration list for PBXNativeTarget "PickleballScreensaver" */;
			buildPhases = (
				AA77000000000001 /* Sources */,
				AA33000000000001 /* Frameworks */,
				AA77000000000002 /* Resources */,
			);
			buildRules = (
			);
			dependencies = (
			);
			name = PickleballScreensaver;
			productName = PickleballScreensaver;
			productReference = AA22000000000003 /* PickleballScreensaver.saver */;
			productType = "com.apple.product-type.bundle";
		};
/* End PBXNativeTarget section */

/* Begin PBXProject section */
		AA88000000000001 /* Project object */ = {
			isa = PBXProject;
			attributes = {
				BuildIndependentTargetsInParallel = 1;
				LastSwiftUpdateCheck = 1540;
				LastUpgradeCheck = 1540;
				ORGANIZATIONNAME = "Pickleball Screensaver";
				TargetAttributes = {
					AA55000000000001 = {
						CreatedOnToolsVersion = 15.4;
					};
				};
			};
			buildConfigurationList = AA66000000000001 /* Build configuration list for PBXProject "PickleballScreensaver" */;
			compatibilityVersion = "Xcode 14.0";
			developmentRegion = en;
			hasScannedForEncodings = 0;
			knownRegions = (
				en,
				Base,
			);
			mainGroup = AA44000000000003;
			productRefGroup = AA44000000000001 /* Products */;
			projectDirPath = "";
			projectRoot = "";
			targets = (
				AA55000000000001 /* PickleballScreensaver */,
			);
		};
/* End PBXProject section */

/* Begin PBXResourcesBuildPhase section */
		AA77000000000002 /* Resources */ = {
			isa = PBXResourcesBuildPhase;
			buildActionMask = 2147483647;
			files = (
				AA11000000000004 /* paddle.png in Resources */,
				AA1100000000000A /* background.png in Resources */,
				AA11000000000005 /* thumbnail.png in Resources */,
				AA11000000000006 /* thumbnail@2x.png in Resources */,
			);
			runOnlyForDeploymentPostprocessing = 0;
		};
/* End PBXResourcesBuildPhase section */

/* Begin PBXSourcesBuildPhase section */
		AA77000000000001 /* Sources */ = {
			isa = PBXSourcesBuildPhase;
			buildActionMask = 2147483647;
			files = (
				AA11000000000001 /* PickleballScreensaverView.swift in Sources */,
				AA11000000000002 /* ConfigureSheet.swift in Sources */,
				AA11000000000003 /* PhotoOverlay.swift in Sources */,
				AA11000000000007 /* PhotoSyncShared.swift in Sources */,
				AA11000000000008 /* WeatherProvider.swift in Sources */,
				AA11000000000009 /* PickleballFacts.swift in Sources */,
			);
			runOnlyForDeploymentPostprocessing = 0;
		};
/* End PBXSourcesBuildPhase section */

/* Begin XCBuildConfiguration section */
		AA99000000000001 /* Debug */ = {
			isa = XCBuildConfiguration;
			buildSettings = {
				ALWAYS_SEARCH_USER_PATHS = NO;
				ASSETCATALOG_COMPILER_GENERATE_SWIFT_ASSET_SYMBOL_EXTENSIONS = YES;
				CLANG_ANALYZER_NONNULL = YES;
				CLANG_ANALYZER_NUMBER_OBJECT_CONVERSION = YES_AGGRESSIVE;
				CLANG_CXX_LANGUAGE_STANDARD = "gnu++20";
				CLANG_ENABLE_MODULES = YES;
				CLANG_ENABLE_OBJC_ARC = YES;
				CLANG_ENABLE_OBJC_WEAK = YES;
				CLANG_WARN_BLOCK_CAPTURE_AUTORELEASING = YES;
				CLANG_WARN_BOOL_CONVERSION = YES;
				CLANG_WARN_COMMA = YES;
				CLANG_WARN_CONSTANT_CONVERSION = YES;
				CLANG_WARN_DEPRECATED_OBJC_IMPLEMENTATIONS = YES;
				CLANG_WARN_DIRECT_OBJC_ISA_USAGE = YES_ERROR;
				CLANG_WARN_DOCUMENTATION_COMMENTS = YES;
				CLANG_WARN_EMPTY_BODY = YES;
				CLANG_WARN_ENUM_CONVERSION = YES;
				CLANG_WARN_INFINITE_RECURSION = YES;
				CLANG_WARN_INT_CONVERSION = YES;
				CLANG_WARN_NON_LITERAL_NULL_CONVERSION = YES;
				CLANG_WARN_OBJC_IMPLICIT_RETAIN_SELF = YES;
				CLANG_WARN_OBJC_LITERAL_CONVERSION = YES;
				CLANG_WARN_OBJC_ROOT_CLASS = YES_ERROR;
				CLANG_WARN_QUOTED_INCLUDE_IN_FRAMEWORK_HEADER = YES;
				CLANG_WARN_RANGE_LOOP_ANALYSIS = YES;
				CLANG_WARN_STRICT_PROTOTYPES = YES;
				CLANG_WARN_SUSPICIOUS_MOVE = YES;
				CLANG_WARN_UNGUARDED_AVAILABILITY = YES_AGGRESSIVE;
				CLANG_WARN_UNREACHABLE_CODE = YES;
				CLANG_WARN__DUPLICATE_METHOD_MATCH = YES;
				COPY_PHASE_STRIP = NO;
				DEBUG_INFORMATION_FORMAT = dwarf;
				ENABLE_STRICT_OBJC_MSGSEND = YES;
				ENABLE_TESTABILITY = YES;
				ENABLE_USER_SCRIPT_SANDBOXING = YES;
				GCC_C_LANGUAGE_STANDARD = gnu17;
				GCC_DYNAMIC_NO_PIC = NO;
				GCC_NO_COMMON_BLOCKS = YES;
				GCC_OPTIMIZATION_LEVEL = 0;
				GCC_PREPROCESSOR_DEFINITIONS = (
					"DEBUG=1",
					"$(inherited)",
				);
				GCC_WARN_64_TO_32_BIT_CONVERSION = YES;
				GCC_WARN_ABOUT_RETURN_TYPE = YES_ERROR;
				GCC_WARN_UNDECLARED_SELECTOR = YES;
				GCC_WARN_UNINITIALIZED_AUTOS = YES_AGGRESSIVE;
				GCC_WARN_UNUSED_FUNCTION = YES;
				GCC_WARN_UNUSED_VARIABLE = YES;
				LOCALIZATION_PREFERS_STRING_CATALOGS = YES;
				MACOSX_DEPLOYMENT_TARGET = 14.0;
				MTL_ENABLE_DEBUG_INFO = INCLUDE_SOURCE;
				MTL_FAST_MATH = YES;
				ONLY_ACTIVE_ARCH = YES;
				SDKROOT = macosx;
				SWIFT_ACTIVE_COMPILATION_CONDITIONS = "DEBUG $(inherited)";
				SWIFT_OPTIMIZATION_LEVEL = "-Onone";
			};
			name = Debug;
		};
		AA99000000000002 /* Release */ = {
			isa = XCBuildConfiguration;
			buildSettings = {
				ALWAYS_SEARCH_USER_PATHS = NO;
				ASSETCATALOG_COMPILER_GENERATE_SWIFT_ASSET_SYMBOL_EXTENSIONS = YES;
				CLANG_ANALYZER_NONNULL = YES;
				CLANG_ANALYZER_NUMBER_OBJECT_CONVERSION = YES_AGGRESSIVE;
				CLANG_CXX_LANGUAGE_STANDARD = "gnu++20";
				CLANG_ENABLE_MODULES = YES;
				CLANG_ENABLE_OBJC_ARC = YES;
				CLANG_ENABLE_OBJC_WEAK = YES;
				CLANG_WARN_BLOCK_CAPTURE_AUTORELEASING = YES;
				CLANG_WARN_BOOL_CONVERSION = YES;
				CLANG_WARN_COMMA = YES;
				CLANG_WARN_CONSTANT_CONVERSION = YES;
				CLANG_WARN_DEPRECATED_OBJC_IMPLEMENTATIONS = YES;
				CLANG_WARN_DIRECT_OBJC_ISA_USAGE = YES_ERROR;
				CLANG_WARN_DOCUMENTATION_COMMENTS = YES;
				CLANG_WARN_EMPTY_BODY = YES;
				CLANG_WARN_ENUM_CONVERSION = YES;
				CLANG_WARN_INFINITE_RECURSION = YES;
				CLANG_WARN_INT_CONVERSION = YES;
				CLANG_WARN_NON_LITERAL_NULL_CONVERSION = YES;
				CLANG_WARN_OBJC_IMPLICIT_RETAIN_SELF = YES;
				CLANG_WARN_OBJC_LITERAL_CONVERSION = YES;
				CLANG_WARN_OBJC_ROOT_CLASS = YES_ERROR;
				CLANG_WARN_QUOTED_INCLUDE_IN_FRAMEWORK_HEADER = YES;
				CLANG_WARN_RANGE_LOOP_ANALYSIS = YES;
				CLANG_WARN_STRICT_PROTOTYPES = YES;
				CLANG_WARN_SUSPICIOUS_MOVE = YES;
				CLANG_WARN_UNGUARDED_AVAILABILITY = YES_AGGRESSIVE;
				CLANG_WARN_UNREACHABLE_CODE = YES;
				CLANG_WARN__DUPLICATE_METHOD_MATCH = YES;
				COPY_PHASE_STRIP = NO;
				DEBUG_INFORMATION_FORMAT = "dwarf-with-dsym";
				ENABLE_NS_ASSERTIONS = NO;
				ENABLE_STRICT_OBJC_MSGSEND = YES;
				ENABLE_USER_SCRIPT_SANDBOXING = YES;
				GCC_C_LANGUAGE_STANDARD = gnu17;
				GCC_NO_COMMON_BLOCKS = YES;
				GCC_WARN_64_TO_32_BIT_CONVERSION = YES;
				GCC_WARN_ABOUT_RETURN_TYPE = YES_ERROR;
				GCC_WARN_UNDECLARED_SELECTOR = YES;
				GCC_WARN_UNINITIALIZED_AUTOS = YES_AGGRESSIVE;
				GCC_WARN_UNUSED_FUNCTION = YES;
				GCC_WARN_UNUSED_VARIABLE = YES;
				LOCALIZATION_PREFERS_STRING_CATALOGS = YES;
				MACOSX_DEPLOYMENT_TARGET = 14.0;
				MTL_FAST_MATH = YES;
				SDKROOT = macosx;
				SWIFT_COMPILATION_MODE = wholemodule;
			};
			name = Release;
		};
		AA99000000000003 /* Debug */ = {
			isa = XCBuildConfiguration;
			buildSettings = {
				CODE_SIGN_IDENTITY = "Apple Development";
				CODE_SIGN_STYLE = Automatic;
				COMBINE_HIDPI_IMAGES = YES;
				DEVELOPMENT_TEAM = Z4U4RL7THN;
				INFOPLIST_FILE = PickleballScreensaver/Info.plist;
				LD_RUNPATH_SEARCH_PATHS = (
					"$(inherited)",
					"@executable_path/../Frameworks",
					"@loader_path/../Frameworks",
				);
				PRODUCT_BUNDLE_IDENTIFIER = com.pickleball.screensaver;
				PRODUCT_NAME = PickleballScreensaver;
				PROVISIONING_PROFILE_SPECIFIER = "";
				SUPPORTED_PLATFORMS = "iphoneos iphonesimulator";
				SUPPORTS_MACCATALYST = NO;
				SWIFT_VERSION = 5.0;
				TARGETED_DEVICE_FAMILY = 1;
				WRAPPER_EXTENSION = saver;
			};
			name = Debug;
		};
		AA99000000000004 /* Release */ = {
			isa = XCBuildConfiguration;
			buildSettings = {
				CODE_SIGN_IDENTITY = "Apple Development";
				CODE_SIGN_STYLE = Automatic;
				COMBINE_HIDPI_IMAGES = YES;
				DEVELOPMENT_TEAM = Z4U4RL7THN;
				INFOPLIST_FILE = PickleballScreensaver/Info.plist;
				LD_RUNPATH_SEARCH_PATHS = (
					"$(inherited)",
					"@executable_path/../Frameworks",
					"@loader_path/../Frameworks",
				);
				PRODUCT_BUNDLE_IDENTIFIER = com.pickleball.screensaver;
				PRODUCT_NAME = PickleballScreensaver;
				PROVISIONING_PROFILE_SPECIFIER = "";
				SUPPORTED_PLATFORMS = "iphoneos iphonesimulator";
				SUPPORTS_MACCATALYST = NO;
				SWIFT_VERSION = 5.0;
				TARGETED_DEVICE_FAMILY = 1;
				WRAPPER_EXTENSION = saver;
			};
			name = Release;
		};
/* End XCBuildConfiguration section */

/* Begin XCConfigurationList section */
		AA66000000000001 /* Build configuration list for PBXProject "PickleballScreensaver" */ = {
			isa = XCConfigurationList;
			buildConfigurations = (
				AA99000000000001 /* Debug */,
				AA99000000000002 /* Release */,
			);
			defaultConfigurationIsVisible = 0;
			defaultConfigurationName = Release;
		};
		AA66000000000002 /* Build configuration list for PBXNativeTarget "PickleballScreensaver" */ = {
			isa = XCConfigurationList;
			buildConfigurations = (
				AA99000000000003 /* Debug */,
				AA99000000000004 /* Release */,
			);
			defaultConfigurationIsVisible = 0;
			defaultConfigurationName = Release;
		};
/* End XCConfigurationList section */
	};
	rootObject = AA88000000000001 /* Project object */;
}
